
Microsoft Visual Studio Solution File, Format Version 12.00
# Visual Studio Version 17
VisualStudioVersion = 17.6.33815.320
MinimumVisualStudioVersion = 10.0.40219.1
Project("{9A19103F-16F7-4668-BE54-9A1E7A4F7556}") = "HospitalRegistrySystem.API", "HospitalRegistrySystem.API\HospitalRegistrySystem.API.csproj", "{C6774FCC-B43F-4BD8-A52F-4EBA049FB635}"
EndProject
Project("{9A19103F-16F7-4668-BE54-9A1E7A4F7556}") = "HospitalRegistrySystem.BLL", "HospitalRegistrySystem.BLL\HospitalRegistrySystem.BLL.csproj", "{BC9F788E-8115-44F0-AA69-28578FAD6139}"
EndProject
Project("{9A19103F-16F7-4668-BE54-9A1E7A4F7556}") = "HospitalRegistrySystem.DAL", "HospitalRegistrySystem.DAL\HospitalRegistrySystem.DAL.csproj", "{79798508-968F-49F3-B366-96EC2C70C4B9}"
EndProject
Project("{FAE04EC0-301F-11D3-BF4B-00C04F79EFBC}") = "HospitalRegistrySystem.Common", "HospitalRegistrySystem.Common\HospitalRegistrySystem.Common.csproj", "{0EEA16F0-8A23-40E3-9046-4C6D2E306AF0}"
EndProject
Global
	GlobalSection(SolutionConfigurationPlatforms) = preSolution
		Debug|Any CPU = Debug|Any CPU
		Release|Any CPU = Release|Any CPU
	EndGlobalSection
	GlobalSection(ProjectConfigurationPlatforms) = postSolution
		{C6774FCC-B43F-4BD8-A52F-4EBA049FB635}.Debug|Any CPU.ActiveCfg = Debug|Any CPU
		{C6774FCC-B43F-4BD8-A52F-4EBA049FB635}.Debug|Any CPU.Build.0 = Debug|Any CPU
		{C6774FCC-B43F-4BD8-A52F-4EBA049FB635}.Release|Any CPU.ActiveCfg = Release|Any CPU
		{C6774FCC-B43F-4BD8-A52F-4EBA049FB635}.Release|Any CPU.Build.0 = Release|Any CPU
		{BC9F788E-8115-44F0-AA69-28578FAD6139}.Debug|Any CPU.ActiveCfg = Debug|Any CPU
		{BC9F788E-8115-44F0-AA69-28578FAD6139}.Debug|Any CPU.Build.0 = Debug|Any CPU
		{BC9F788E-8115-44F0-AA69-28578FAD6139}.Release|Any CPU.ActiveCfg = Release|Any CPU
		{BC9F788E-8115-44F0-AA69-28578FAD6139}.Release|Any CPU.Build.0 = Release|Any CPU
		{79798508-968F-49F3-B366-96EC2C70C4B9}.Debug|Any CPU.ActiveCfg = Debug|Any CPU
		{79798508-968F-49F3-B366-96EC2C70C4B9}.Debug|Any CPU.Build.0 = Debug|Any CPU
		{79798508-968F-49F3-B366-96EC2C70C4B9}.Release|Any CPU.ActiveCfg = Release|Any CPU
		{79798508-968F-49F3-B366-96EC2C70C4B9}.Release|Any CPU.Build.0 = Release|Any CPU
		{0EEA16F0-8A23-40E3-9046-4C6D2E306AF0}.Debug|Any CPU.ActiveCfg = Debug|Any CPU
		{0EEA16F0-8A23-40E3-9046-4C6D2E306AF0}.Debug|Any CPU.Build.0 = Debug|Any CPU
		{0EEA16F0-8A23-40E3-9046-4C6D2E306AF0}.Release|Any CPU.ActiveCfg = Release|Any CPU
		{0EEA16F0-8A23-40E3-9046-4C6D2E306AF0}.Release|Any CPU.Build.0 = Release|Any CPU
	EndGlobalSection
	GlobalSection(SolutionProperties) = preSolution
		HideSolutionNode = FALSE
	EndGlobalSection
	GlobalSection(ExtensibilityGlobals) = postSolution
		SolutionGuid = {8C27BDE1-9A18-492D-96D4-AAF35F844231}
	EndGlobalSection
EndGlobal
